
Microsoft Visual Studio Solution File, Format Version 12.00
# Visual Studio Version 17
VisualStudioVersion = 17.6.33712.159
MinimumVisualStudioVersion = 10.0.40219.1
Project("{FAE04EC0-301F-11D3-BF4B-00C04F79EFBC}") = "Genshin Lan Off", "Genshin Lan Off\Genshin Lan Off.csproj", "{FD05CA23-2F8A-4E74-AC43-8C91153FAF78}"
EndProject
Project("{54435603-DBB4-11D2-8724-00A0C9A8B90C}") = "Setup Project", "Setup Project\Setup Project.vdproj", "{332E91EB-0BB7-4355-A809-74E9CBCED3B4}"
EndProject
Global
	GlobalSection(SolutionConfigurationPlatforms) = preSolution
		All|Any CPU = All|Any CPU
		Debug|Any CPU = Debug|Any CPU
		Release|Any CPU = Release|Any CPU
	EndGlobalSection
	GlobalSection(ProjectConfigurationPlatforms) = postSolution
		{FD05CA23-2F8A-4E74-AC43-8C91153FAF78}.All|Any CPU.ActiveCfg = Release|Any CPU
		{FD05CA23-2F8A-4E74-AC43-8C91153FAF78}.All|Any CPU.Build.0 = Release|Any CPU
		{FD05CA23-2F8A-4E74-AC43-8C91153FAF78}.Debug|Any CPU.ActiveCfg = Debug|Any CPU
		{FD05CA23-2F8A-4E74-AC43-8C91153FAF78}.Debug|Any CPU.Build.0 = Debug|Any CPU
		{FD05CA23-2F8A-4E74-AC43-8C91153FAF78}.Release|Any CPU.ActiveCfg = Release|Any CPU
		{FD05CA23-2F8A-4E74-AC43-8C91153FAF78}.Release|Any CPU.Build.0 = Release|Any CPU
		{332E91EB-0BB7-4355-A809-74E9CBCED3B4}.All|Any CPU.ActiveCfg = Debug
		{332E91EB-0BB7-4355-A809-74E9CBCED3B4}.Debug|Any CPU.ActiveCfg = Debug
		{332E91EB-0BB7-4355-A809-74E9CBCED3B4}.Release|Any CPU.ActiveCfg = Release
	EndGlobalSection
	GlobalSection(SolutionProperties) = preSolution
		HideSolutionNode = FALSE
	EndGlobalSection
	GlobalSection(ExtensibilityGlobals) = postSolution
		SolutionGuid = {2E28CCD5-A45F-4BD0-9DAC-B6B5178BAECD}
	EndGlobalSection
EndGlobal
